// !$*UTF8*$!
{
	archiveVersion = 1;
	classes = {
	};
	objectVersion = 77;
	objects = {

/* Begin PBXBuildFile section */
		0181E7A3A5F863F651B71C15 /* ScanCoordinator.swift in Sources */ = {isa = PBXBuildFile; fileRef = B7A845FB8E1975D1149F86F0 /* ScanCoordinator.swift */; };
		02D45EFD662BD4D25C794AAE /* SweepUITests.swift in Sources */ = {isa = PBXBuildFile; fileRef = 30247CC2233E72FE0E3FEE37 /* SweepUITests.swift */; };
		10E42530A32478C435CFB8A8 /* PurchaseManager.swift in Sources */ = {isa = PBXBuildFile; fileRef = 6F4CC283F3FFB82411C9B729 /* PurchaseManager.swift */; };
		11A1DC09E70531A7D161D444 /* SweepApp.swift in Sources */ = {isa = PBXBuildFile; fileRef = 4BEF9C38B049ADC1827D17B6 /* SweepApp.swift */; };
		1BDAB2348951F250F7C53CCA /* PhotoListView.swift in Sources */ = {isa = PBXBuildFile; fileRef = E074D8F4F9545334C19081FB /* PhotoListView.swift */; };
		287E8257877573DE4DD16629 /* GroupDetailView.swift in Sources */ = {isa = PBXBuildFile; fileRef = BF52624413BF158E229C0B6A /* GroupDetailView.swift */; };
		292E6C0167D198B26A801B92 /* GroupListView.swift in Sources */ = {isa = PBXBuildFile; fileRef = 4EEB1DDF5D76AD3BC393D1BF /* GroupListView.swift */; };
		29DC9AB57D7A9868AF2E2C04 /* PaywallView.swift in Sources */ = {isa = PBXBuildFile; fileRef = 07448343B70F1A711FE7C981 /* PaywallView.swift */; };
		30DA03D7E3FBBC09AE2EE1FC /* PerceptualHash.swift in Sources */ = {isa = PBXBuildFile; fileRef = 2ABF532EE7AB9D172A9E7A3D /* PerceptualHash.swift */; };
		37460F41B3AB69090ABE7408 /* Localizable.xcstrings in Resources */ = {isa = PBXBuildFile; fileRef = D17DAEF4D16589564DC95E8B /* Localizable.xcstrings */; };
		4753F3409C2ABE40FBB3FE36 /* PhotoAuthorization.swift in Sources */ = {isa = PBXBuildFile; fileRef = D56B6F1A85349A28085CCD2A /* PhotoAuthorization.swift */; };
		5809720376C4A5FCD4AB6BA1 /* DeleteOverlay.swift in Sources */ = {isa = PBXBuildFile; fileRef = 15D693F1AB6E516225CC4B72 /* DeleteOverlay.swift */; };
		6071877B64C6BB86C228FFD9 /* Models.swift in Sources */ = {isa = PBXBuildFile; fileRef = D717C7D31731C889DF0CA489 /* Models.swift */; };
		71ABB42E2675E4290DA47293 /* SettingsView.swift in Sources */ = {isa = PBXBuildFile; fileRef = ABB8A495194CF3235BD6B7BD /* SettingsView.swift */; };
		967C4B9348B1F8481FF2AB20 /* ThumbnailLoader.swift in Sources */ = {isa = PBXBuildFile; fileRef = B382710E89370FA8D327F215 /* ThumbnailLoader.swift */; };
		9870C83D51D9D26539FBC12A /* HomeView.swift in Sources */ = {isa = PBXBuildFile; fileRef = 5DA35470015B5B395D0E0DA7 /* HomeView.swift */; };
		A57DFD5E00FABEE2E02EBE03 /* Assets.xcassets in Resources */ = {isa = PBXBuildFile; fileRef = 8D8BAE7C093E119AEEF1848C /* Assets.xcassets */; };
		AD2F62FD0019E95C564EB30C /* PermissionGateView.swift in Sources */ = {isa = PBXBuildFile; fileRef = 96F737A3B92A9830FDCA2B9A /* PermissionGateView.swift */; };
		C768D0BE297CFB5BC6B82F58 /* ScanProgressView.swift in Sources */ = {isa = PBXBuildFile; fileRef = 2905691C65C6F38771E28B7C /* ScanProgressView.swift */; };
		EAE441E4342927B6F4ED0232 /* AssetDeleter.swift in Sources */ = {isa = PBXBuildFile; fileRef = 72DACEE66D0CF736628F766D /* AssetDeleter.swift */; };
		EF49188EA31D2C1D5BC69AB2 /* RootView.swift in Sources */ = {isa = PBXBuildFile; fileRef = C44A142C24F11DC0B2A58549 /* RootView.swift */; };
/* End PBXBuildFile section */

/* Begin PBXContainerItemProxy section */
		165A6FBCF4D8C58C82EAEF11 /* PBXContainerItemProxy */ = {
			isa = PBXContainerItemProxy;
			containerPortal = A7E8E02F07F97E64774A4AF5 /* Project object */;
			proxyType = 1;
			remoteGlobalIDString = 171DEA5DD3E9A0D3CC068E28;
			remoteInfo = Sweep;
		};
/* End PBXContainerItemProxy section */

/* Begin PBXFileReference section */
		07448343B70F1A711FE7C981 /* PaywallView.swift */ = {isa = PBXFileReference; lastKnownFileType = sourcecode.swift; path = PaywallView.swift; sourceTree = "<group>"; };
		15D693F1AB6E516225CC4B72 /* DeleteOverlay.swift */ = {isa = PBXFileReference; lastKnownFileType = sourcecode.swift; path = DeleteOverlay.swift; sourceTree = "<group>"; };
		1E715F02C8E5279E2C7A6E15 /* Sweep.app */ = {isa = PBXFileReference; includeInIndex = 0; lastKnownFileType = wrapper.application; path = Sweep.app; sourceTree = BUILT_PRODUCTS_DIR; };
		2905691C65C6F38771E28B7C /* ScanProgressView.swift */ = {isa = PBXFileReference; lastKnownFileType = sourcecode.swift; path = ScanProgressView.swift; sourceTree = "<group>"; };
		2ABF532EE7AB9D172A9E7A3D /* PerceptualHash.swift */ = {isa = PBXFileReference; lastKnownFileType = sourcecode.swift; path = PerceptualHash.swift; sourceTree = "<group>"; };
		30247CC2233E72FE0E3FEE37 /* SweepUITests.swift */ = {isa = PBXFileReference; lastKnownFileType = sourcecode.swift; path = SweepUITests.swift; sourceTree = "<group>"; };
		4BEF9C38B049ADC1827D17B6 /* SweepApp.swift */ = {isa = PBXFileReference; lastKnownFileType = sourcecode.swift; path = SweepApp.swift; sourceTree = "<group>"; };
		4EEB1DDF5D76AD3BC393D1BF /* GroupListView.swift */ = {isa = PBXFileReference; lastKnownFileType = sourcecode.swift; path = GroupListView.swift; sourceTree = "<group>"; };
		5DA35470015B5B395D0E0DA7 /* HomeView.swift */ = {isa = PBXFileReference; lastKnownFileType = sourcecode.swift; path = HomeView.swift; sourceTree = "<group>"; };
		6A6914B6C0FBC52CA114F2CD /* SweepUITests.xctest */ = {isa = PBXFileReference; includeInIndex = 0; lastKnownFileType = wrapper.cfbundle; path = SweepUITests.xctest; sourceTree = BUILT_PRODUCTS_DIR; };
		6F4CC283F3FFB82411C9B729 /* PurchaseManager.swift */ = {isa = PBXFileReference; lastKnownFileType = sourcecode.swift; path = PurchaseManager.swift; sourceTree = "<group>"; };
		72DACEE66D0CF736628F766D /* AssetDeleter.swift */ = {isa = PBXFileReference; lastKnownFileType = sourcecode.swift; path = AssetDeleter.swift; sourceTree = "<group>"; };
		8D8BAE7C093E119AEEF1848C /* Assets.xcassets */ = {isa = PBXFileReference; lastKnownFileType = folder.assetcatalog; path = Assets.xcassets; sourceTree = "<group>"; };
		96F737A3B92A9830FDCA2B9A /* PermissionGateView.swift */ = {isa = PBXFileReference; lastKnownFileType = sourcecode.swift; path = PermissionGateView.swift; sourceTree = "<group>"; };
		ABB8A495194CF3235BD6B7BD /* SettingsView.swift */ = {isa = PBXFileReference; lastKnownFileType = sourcecode.swift; path = SettingsView.swift; sourceTree = "<group>"; };
		B382710E89370FA8D327F215 /* ThumbnailLoader.swift */ = {isa = PBXFileReference; lastKnownFileType = sourcecode.swift; path = ThumbnailLoader.swift; sourceTree = "<group>"; };
		B7A845FB8E1975D1149F86F0 /* ScanCoordinator.swift */ = {isa = PBXFileReference; lastKnownFileType = sourcecode.swift; path = ScanCoordinator.swift; sourceTree = "<group>"; };
		BF52624413BF158E229C0B6A /* GroupDetailView.swift */ = {isa = PBXFileReference; lastKnownFileType = sourcecode.swift; path = GroupDetailView.swift; sourceTree = "<group>"; };
		C44A142C24F11DC0B2A58549 /* RootView.swift */ = {isa = PBXFileReference; lastKnownFileType = sourcecode.swift; path = RootView.swift; sourceTree = "<group>"; };
		D17DAEF4D16589564DC95E8B /* Localizable.xcstrings */ = {isa = PBXFileReference; lastKnownFileType = text.json.xcstrings; path = Localizable.xcstrings; sourceTree = "<group>"; };
		D56B6F1A85349A28085CCD2A /* PhotoAuthorization.swift */ = {isa = PBXFileReference; lastKnownFileType = sourcecode.swift; path = PhotoAuthorization.swift; sourceTree = "<group>"; };
		D717C7D31731C889DF0CA489 /* Models.swift */ = {isa = PBXFileReference; lastKnownFileType = sourcecode.swift; path = Models.swift; sourceTree = "<group>"; };
		E074D8F4F9545334C19081FB /* PhotoListView.swift */ = {isa = PBXFileReference; lastKnownFileType = sourcecode.swift; path = PhotoListView.swift; sourceTree = "<group>"; };
/* End PBXFileReference section */

/* Begin PBXGroup section */
		15A8F15A4730E1B41666382A = {
			isa = PBXGroup;
			children = (
				FCFC2B5EE407465A6AAA977E /* Sweep */,
				829EEAA117D1BB02677D2B38 /* SweepUITests */,
				998FD1C8BAF561312301DCA7 /* Products */,
			);
			sourceTree = "<group>";
		};
		75615D622B6113B1DB99A8EA /* Core */ = {
			isa = PBXGroup;
			children = (
				72DACEE66D0CF736628F766D /* AssetDeleter.swift */,
				D717C7D31731C889DF0CA489 /* Models.swift */,
				2ABF532EE7AB9D172A9E7A3D /* PerceptualHash.swift */,
				D56B6F1A85349A28085CCD2A /* PhotoAuthorization.swift */,
				6F4CC283F3FFB82411C9B729 /* PurchaseManager.swift */,
				B7A845FB8E1975D1149F86F0 /* ScanCoordinator.swift */,
				B382710E89370FA8D327F215 /* ThumbnailLoader.swift */,
			);
			path = Core;
			sourceTree = "<group>";
		};
		7FBBC823C723CFD49B631284 /* App */ = {
			isa = PBXGroup;
			children = (
				4BEF9C38B049ADC1827D17B6 /* SweepApp.swift */,
			);
			path = App;
			sourceTree = "<group>";
		};
		829EEAA117D1BB02677D2B38 /* SweepUITests */ = {
			isa = PBXGroup;
			children = (
				30247CC2233E72FE0E3FEE37 /* SweepUITests.swift */,
			);
			path = SweepUITests;
			sourceTree = "<group>";
		};
		998FD1C8BAF561312301DCA7 /* Products */ = {
			isa = PBXGroup;
			children = (
				1E715F02C8E5279E2C7A6E15 /* Sweep.app */,
				6A6914B6C0FBC52CA114F2CD /* SweepUITests.xctest */,
			);
			name = Products;
			sourceTree = "<group>";
		};
		A8C5B06BE5D2C0FE4142D52B /* UI */ = {
			isa = PBXGroup;
			children = (
				15D693F1AB6E516225CC4B72 /* DeleteOverlay.swift */,
				BF52624413BF158E229C0B6A /* GroupDetailView.swift */,
				4EEB1DDF5D76AD3BC393D1BF /* GroupListView.swift */,
				5DA35470015B5B395D0E0DA7 /* HomeView.swift */,
				07448343B70F1A711FE7C981 /* PaywallView.swift */,
				96F737A3B92A9830FDCA2B9A /* PermissionGateView.swift */,
				E074D8F4F9545334C19081FB /* PhotoListView.swift */,
				C44A142C24F11DC0B2A58549 /* RootView.swift */,
				2905691C65C6F38771E28B7C /* ScanProgressView.swift */,
				ABB8A495194CF3235BD6B7BD /* SettingsView.swift */,
			);
			path = UI;
			sourceTree = "<group>";
		};
		C593AF2CF443C93B8608BEEF /* Resources */ = {
			isa = PBXGroup;
			children = (
				8D8BAE7C093E119AEEF1848C /* Assets.xcassets */,
				D17DAEF4D16589564DC95E8B /* Localizable.xcstrings */,
			);
			path = Resources;
			sourceTree = "<group>";
		};
		FCFC2B5EE407465A6AAA977E /* Sweep */ = {
			isa = PBXGroup;
			children = (
				7FBBC823C723CFD49B631284 /* App */,
				75615D622B6113B1DB99A8EA /* Core */,
				C593AF2CF443C93B8608BEEF /* Resources */,
				A8C5B06BE5D2C0FE4142D52B /* UI */,
			);
			path = Sweep;
			sourceTree = "<group>";
		};
/* End PBXGroup section */

/* Begin PBXNativeTarget section */
		171DEA5DD3E9A0D3CC068E28 /* Sweep */ = {
			isa = PBXNativeTarget;
			buildConfigurationList = 63C05DC3B3154716EB1958BB /* Build configuration list for PBXNativeTarget "Sweep" */;
			buildPhases = (
				612393840B724F368378D0AF /* Sources */,
				8D1668B031E02F044FEE94CE /* Resources */,
			);
			buildRules = (
			);
			dependencies = (
			);
			name = Sweep;
			packageProductDependencies = (
			);
			productName = Sweep;
			productReference = 1E715F02C8E5279E2C7A6E15 /* Sweep.app */;
			productType = "com.apple.product-type.application";
		};
		A782E291C766F24FC071359E /* SweepUITests */ = {
			isa = PBXNativeTarget;
			buildConfigurationList = 9DAB07F05205089F957AAEDC /* Build configuration list for PBXNativeTarget "SweepUITests" */;
			buildPhases = (
				019CF759F7161DE8797B99B7 /* Sources */,
			);
			buildRules = (
			);
			dependencies = (
				81256EB9D2E56352B797B466 /* PBXTargetDependency */,
			);
			name = SweepUITests;
			packageProductDependencies = (
			);
			productName = SweepUITests;
			productReference = 6A6914B6C0FBC52CA114F2CD /* SweepUITests.xctest */;
			productType = "com.apple.product-type.bundle.ui-testing";
		};
/* End PBXNativeTarget section */

/* Begin PBXProject section */
		A7E8E02F07F97E64774A4AF5 /* Project object */ = {
			isa = PBXProject;
			attributes = {
				BuildIndependentTargetsInParallel = YES;
				LastUpgradeCheck = 1430;
				TargetAttributes = {
					171DEA5DD3E9A0D3CC068E28 = {
						DevelopmentTeam = U5BAN54DL2;
					};
					A782E291C766F24FC071359E = {
						DevelopmentTeam = U5BAN54DL2;
						TestTargetID = 171DEA5DD3E9A0D3CC068E28;
					};
				};
			};
			buildConfigurationList = 2C2DAA764C75297F79121678 /* Build configuration list for PBXProject "Sweep" */;
			developmentRegion = en;
			hasScannedForEncodings = 0;
			knownRegions = (
				Base,
				de,
				en,
				fr,
				ja,
				ru,
			);
			mainGroup = 15A8F15A4730E1B41666382A;
			minimizedProjectReferenceProxies = 1;
			preferredProjectObjectVersion = 77;
			productRefGroup = 998FD1C8BAF561312301DCA7 /* Products */;
			projectDirPath = "";
			projectRoot = "";
			targets = (
				171DEA5DD3E9A0D3CC068E28 /* Sweep */,
				A782E291C766F24FC071359E /* SweepUITests */,
			);
		};
/* End PBXProject section */

/* Begin PBXResourcesBuildPhase section */
		8D1668B031E02F044FEE94CE /* Resources */ = {
			isa = PBXResourcesBuildPhase;
			buildActionMask = 2147483647;
			files = (
				A57DFD5E00FABEE2E02EBE03 /* Assets.xcassets in Resources */,
				37460F41B3AB69090ABE7408 /* Localizable.xcstrings in Resources */,
			);
			runOnlyForDeploymentPostprocessing = 0;
		};
/* End PBXResourcesBuildPhase section */

/* Begin PBXSourcesBuildPhase section */
		019CF759F7161DE8797B99B7 /* Sources */ = {
			isa = PBXSourcesBuildPhase;
			buildActionMask = 2147483647;
			files = (
				02D45EFD662BD4D25C794AAE /* SweepUITests.swift in Sources */,
			);
			runOnlyForDeploymentPostprocessing = 0;
		};
		612393840B724F368378D0AF /* Sources */ = {
			isa = PBXSourcesBuildPhase;
			buildActionMask = 2147483647;
			files = (
				EAE441E4342927B6F4ED0232 /* AssetDeleter.swift in Sources */,
				5809720376C4A5FCD4AB6BA1 /* DeleteOverlay.swift in Sources */,
				287E8257877573DE4DD16629 /* GroupDetailView.swift in Sources */,
				292E6C0167D198B26A801B92 /* GroupListView.swift in Sources */,
				9870C83D51D9D26539FBC12A /* HomeView.swift in Sources */,
				6071877B64C6BB86C228FFD9 /* Models.swift in Sources */,
				29DC9AB57D7A9868AF2E2C04 /* PaywallView.swift in Sources */,
				30DA03D7E3FBBC09AE2EE1FC /* PerceptualHash.swift in Sources */,
				AD2F62FD0019E95C564EB30C /* PermissionGateView.swift in Sources */,
				4753F3409C2ABE40FBB3FE36 /* PhotoAuthorization.swift in Sources */,
				1BDAB2348951F250F7C53CCA /* PhotoListView.swift in Sources */,
				10E42530A32478C435CFB8A8 /* PurchaseManager.swift in Sources */,
				EF49188EA31D2C1D5BC69AB2 /* RootView.swift in Sources */,
				0181E7A3A5F863F651B71C15 /* ScanCoordinator.swift in Sources */,
				C768D0BE297CFB5BC6B82F58 /* ScanProgressView.swift in Sources */,
				71ABB42E2675E4290DA47293 /* SettingsView.swift in Sources */,
				11A1DC09E70531A7D161D444 /* SweepApp.swift in Sources */,
				967C4B9348B1F8481FF2AB20 /* ThumbnailLoader.swift in Sources */,
			);
			runOnlyForDeploymentPostprocessing = 0;
		};
/* End PBXSourcesBuildPhase section */

/* Begin PBXTargetDependency section */
		81256EB9D2E56352B797B466 /* PBXTargetDependency */ = {
			isa = PBXTargetDependency;
			target = 171DEA5DD3E9A0D3CC068E28 /* Sweep */;
			targetProxy = 165A6FBCF4D8C58C82EAEF11 /* PBXContainerItemProxy */;
		};
/* End PBXTargetDependency section */

/* Begin XCBuildConfiguration section */
		09BCEC30917EDF7752CD411B /* Debug */ = {
			isa = XCBuildConfiguration;
			buildSettings = {
				BUNDLE_LOADER = "$(TEST_HOST)";
				GENERATE_INFOPLIST_FILE = YES;
				LD_RUNPATH_SEARCH_PATHS = (
					"$(inherited)",
					"@executable_path/Frameworks",
					"@loader_path/Frameworks",
				);
				PRODUCT_BUNDLE_IDENTIFIER = by.timberbid.sweep.UITests;
				SDKROOT = iphoneos;
				TARGETED_DEVICE_FAMILY = "1,2";
				TEST_TARGET_NAME = Sweep;
			};
			name = Debug;
		};
		1EE92F4CEAEC1E298187FD88 /* Debug */ = {
			isa = XCBuildConfiguration;
			buildSettings = {
				ASSETCATALOG_COMPILER_APPICON_NAME = AppIcon;
				ASSETCATALOG_COMPILER_GLOBAL_ACCENT_COLOR_NAME = AccentColor;
				CODE_SIGN_IDENTITY = "iPhone Developer";
				CURRENT_PROJECT_VERSION = 1;
				INFOPLIST_FILE = Sweep/Info.plist;
				LD_RUNPATH_SEARCH_PATHS = (
					"$(inherited)",
					"@executable_path/Frameworks",
				);
				LOCALIZATION_PREFERS_STRING_CATALOGS = YES;
				MARKETING_VERSION = 1.0.0;
				PRODUCT_BUNDLE_IDENTIFIER = by.timberbid.sweep;
				SDKROOT = iphoneos;
				SUPPORTS_MACCATALYST = NO;
				SWIFT_EMIT_LOC_STRINGS = YES;
				TARGETED_DEVICE_FAMILY = 1;
			};
			name = Debug;
		};
		2409A795CD00A6FC931AB50A /* Release */ = {
			isa = XCBuildConfiguration;
			buildSettings = {
				ASSETCATALOG_COMPILER_APPICON_NAME = AppIcon;
				ASSETCATALOG_COMPILER_GLOBAL_ACCENT_COLOR_NAME = AccentColor;
				CODE_SIGN_IDENTITY = "iPhone Developer";
				CURRENT_PROJECT_VERSION = 1;
				INFOPLIST_FILE = Sweep/Info.plist;
				LD_RUNPATH_SEARCH_PATHS = (
					"$(inherited)",
					"@executable_path/Frameworks",
				);
				LOCALIZATION_PREFERS_STRING_CATALOGS = YES;
				MARKETING_VERSION = 1.0.0;
				PRODUCT_BUNDLE_IDENTIFIER = by.timberbid.sweep;
				SDKROOT = iphoneos;
				SUPPORTS_MACCATALYST = NO;
				SWIFT_EMIT_LOC_STRINGS = YES;
				TARGETED_DEVICE_FAMILY = 1;
			};
			name = Release;
		};
		5A0A8C4DB082987AE9C1F159 /* Debug */ = {
			isa = XCBuildConfiguration;
			buildSettings = {
				ALWAYS_SEARCH_USER_PATHS = NO;
				CLANG_ANALYZER_NONNULL = YES;
				CLANG_ANALYZER_NUMBER_OBJECT_CONVERSION = YES_AGGRESSIVE;
				CLANG_CXX_LANGUAGE_STANDARD = "gnu++14";
				CLANG_CXX_LIBRARY = "libc++";
				CLANG_ENABLE_MODULES = YES;
				CLANG_ENABLE_OBJC_ARC = YES;
				CLANG_ENABLE_OBJC_WEAK = YES;
				CLANG_WARN_BLOCK_CAPTURE_AUTORELEASING = YES;
				CLANG_WARN_BOOL_CONVERSION = YES;
				CLANG_WARN_COMMA = YES;
				CLANG_WARN_CONSTANT_CONVERSION = YES;
				CLANG_WARN_DEPRECATED_OBJC_IMPLEMENTATIONS = YES;
				CLANG_WARN_DIRECT_OBJC_ISA_USAGE = YES_ERROR;
				CLANG_WARN_DOCUMENTATION_COMMENTS = YES;
				CLANG_WARN_EMPTY_BODY = YES;
				CLANG_WARN_ENUM_CONVERSION = YES;
				CLANG_WARN_INFINITE_RECURSION = YES;
				CLANG_WARN_INT_CONVERSION = YES;
				CLANG_WARN_NON_LITERAL_NULL_CONVERSION = YES;
				CLANG_WARN_OBJC_IMPLICIT_RETAIN_SELF = YES;
				CLANG_WARN_OBJC_LITERAL_CONVERSION = YES;
				CLANG_WARN_OBJC_ROOT_CLASS = YES_ERROR;
				CLANG_WARN_QUOTED_INCLUDE_IN_FRAMEWORK_HEADER = YES;
				CLANG_WARN_RANGE_LOOP_ANALYSIS = YES;
				CLANG_WARN_STRICT_PROTOTYPES = YES;
				CLANG_WARN_SUSPICIOUS_MOVE = YES;
				CLANG_WARN_UNGUARDED_AVAILABILITY = YES_AGGRESSIVE;
				CLANG_WARN_UNREACHABLE_CODE = YES;
				CLANG_WARN__DUPLICATE_METHOD_MATCH = YES;
				COPY_PHASE_STRIP = NO;
				DEBUG_INFORMATION_FORMAT = dwarf;
				DEVELOPMENT_TEAM = U5BAN54DL2;
				ENABLE_STRICT_OBJC_MSGSEND = YES;
				ENABLE_TESTABILITY = YES;
				ENABLE_USER_SCRIPT_SANDBOXING = YES;
				GCC_C_LANGUAGE_STANDARD = gnu11;
				GCC_DYNAMIC_NO_PIC = NO;
				GCC_NO_COMMON_BLOCKS = YES;
				GCC_OPTIMIZATION_LEVEL = 0;
				GCC_PREPROCESSOR_DEFINITIONS = (
					"$(inherited)",
					"DEBUG=1",
				);
				GCC_WARN_64_TO_32_BIT_CONVERSION = YES;
				GCC_WARN_ABOUT_RETURN_TYPE = YES_ERROR;
				GCC_WARN_UNDECLARED_SELECTOR = YES;
				GCC_WARN_UNINITIALIZED_AUTOS = YES_AGGRESSIVE;
				GCC_WARN_UNUSED_FUNCTION = YES;
				GCC_WARN_UNUSED_VARIABLE = YES;
				GENERATE_INFOPLIST_FILE = NO;
				IPHONEOS_DEPLOYMENT_TARGET = 17.0;
				MTL_ENABLE_DEBUG_INFO = INCLUDE_SOURCE;
				MTL_FAST_MATH = YES;
				ONLY_ACTIVE_ARCH = YES;
				PRODUCT_NAME = "$(TARGET_NAME)";
				SDKROOT = iphoneos;
				SWIFT_ACTIVE_COMPILATION_CONDITIONS = DEBUG;
				SWIFT_OPTIMIZATION_LEVEL = "-Onone";
				SWIFT_VERSION = 6.0;
			};
			name = Debug;
		};
		62A53DDEB536EDF39E20A6D6 /* Release */ = {
			isa = XCBuildConfiguration;
			buildSettings = {
				BUNDLE_LOADER = "$(TEST_HOST)";
				GENERATE_INFOPLIST_FILE = YES;
				LD_RUNPATH_SEARCH_PATHS = (
					"$(inherited)",
					"@executable_path/Frameworks",
					"@loader_path/Frameworks",
				);
				PRODUCT_BUNDLE_IDENTIFIER = by.timberbid.sweep.UITests;
				SDKROOT = iphoneos;
				TARGETED_DEVICE_FAMILY = "1,2";
				TEST_TARGET_NAME = Sweep;
			};
			name = Release;
		};
		B912E647A2488F43493C762E /* Release */ = {
			isa = XCBuildConfiguration;
			buildSettings = {
				ALWAYS_SEARCH_USER_PATHS = NO;
				CLANG_ANALYZER_NONNULL = YES;
				CLANG_ANALYZER_NUMBER_OBJECT_CONVERSION = YES_AGGRESSIVE;
				CLANG_CXX_LANGUAGE_STANDARD = "gnu++14";
				CLANG_CXX_LIBRARY = "libc++";
				CLANG_ENABLE_MODULES = YES;
				CLANG_ENABLE_OBJC_ARC = YES;
				CLANG_ENABLE_OBJC_WEAK = YES;
				CLANG_WARN_BLOCK_CAPTURE_AUTORELEASING = YES;
				CLANG_WARN_BOOL_CONVERSION = YES;
				CLANG_WARN_COMMA = YES;
				CLANG_WARN_CONSTANT_CONVERSION = YES;
				CLANG_WARN_DEPRECATED_OBJC_IMPLEMENTATIONS = YES;
				CLANG_WARN_DIRECT_OBJC_ISA_USAGE = YES_ERROR;
				CLANG_WARN_DOCUMENTATION_COMMENTS = YES;
				CLANG_WARN_EMPTY_BODY = YES;
				CLANG_WARN_ENUM_CONVERSION = YES;
				CLANG_WARN_INFINITE_RECURSION = YES;
				CLANG_WARN_INT_CONVERSION = YES;
				CLANG_WARN_NON_LITERAL_NULL_CONVERSION = YES;
				CLANG_WARN_OBJC_IMPLICIT_RETAIN_SELF = YES;
				CLANG_WARN_OBJC_LITERAL_CONVERSION = YES;
				CLANG_WARN_OBJC_ROOT_CLASS = YES_ERROR;
				CLANG_WARN_QUOTED_INCLUDE_IN_FRAMEWORK_HEADER = YES;
				CLANG_WARN_RANGE_LOOP_ANALYSIS = YES;
				CLANG_WARN_STRICT_PROTOTYPES = YES;
				CLANG_WARN_SUSPICIOUS_MOVE = YES;
				CLANG_WARN_UNGUARDED_AVAILABILITY = YES_AGGRESSIVE;
				CLANG_WARN_UNREACHABLE_CODE = YES;
				CLANG_WARN__DUPLICATE_METHOD_MATCH = YES;
				COPY_PHASE_STRIP = NO;
				DEBUG_INFORMATION_FORMAT = "dwarf-with-dsym";
				DEVELOPMENT_TEAM = U5BAN54DL2;
				ENABLE_NS_ASSERTIONS = NO;
				ENABLE_STRICT_OBJC_MSGSEND = YES;
				ENABLE_USER_SCRIPT_SANDBOXING = YES;
				GCC_C_LANGUAGE_STANDARD = gnu11;
				GCC_NO_COMMON_BLOCKS = YES;
				GCC_WARN_64_TO_32_BIT_CONVERSION = YES;
				GCC_WARN_ABOUT_RETURN_TYPE = YES_ERROR;
				GCC_WARN_UNDECLARED_SELECTOR = YES;
				GCC_WARN_UNINITIALIZED_AUTOS = YES_AGGRESSIVE;
				GCC_WARN_UNUSED_FUNCTION = YES;
				GCC_WARN_UNUSED_VARIABLE = YES;
				GENERATE_INFOPLIST_FILE = NO;
				IPHONEOS_DEPLOYMENT_TARGET = 17.0;
				MTL_ENABLE_DEBUG_INFO = NO;
				MTL_FAST_MATH = YES;
				PRODUCT_NAME = "$(TARGET_NAME)";
				SDKROOT = iphoneos;
				SWIFT_COMPILATION_MODE = wholemodule;
				SWIFT_OPTIMIZATION_LEVEL = "-O";
				SWIFT_VERSION = 6.0;
			};
			name = Release;
		};
/* End XCBuildConfiguration section */

/* Begin XCConfigurationList section */
		2C2DAA764C75297F79121678 /* Build configuration list for PBXProject "Sweep" */ = {
			isa = XCConfigurationList;
			buildConfigurations = (
				5A0A8C4DB082987AE9C1F159 /* Debug */,
				B912E647A2488F43493C762E /* Release */,
			);
			defaultConfigurationIsVisible = 0;
			defaultConfigurationName = Debug;
		};
		63C05DC3B3154716EB1958BB /* Build configuration list for PBXNativeTarget "Sweep" */ = {
			isa = XCConfigurationList;
			buildConfigurations = (
				1EE92F4CEAEC1E298187FD88 /* Debug */,
				2409A795CD00A6FC931AB50A /* Release */,
			);
			defaultConfigurationIsVisible = 0;
			defaultConfigurationName = Debug;
		};
		9DAB07F05205089F957AAEDC /* Build configuration list for PBXNativeTarget "SweepUITests" */ = {
			isa = XCConfigurationList;
			buildConfigurations = (
				09BCEC30917EDF7752CD411B /* Debug */,
				62A53DDEB536EDF39E20A6D6 /* Release */,
			);
			defaultConfigurationIsVisible = 0;
			defaultConfigurationName = Debug;
		};
/* End XCConfigurationList section */
	};
	rootObject = A7E8E02F07F97E64774A4AF5 /* Project object */;
}
